
Microsoft Visual Studio Solution File, Format Version 12.00
# Visual Studio Version 17
VisualStudioVersion = 17.10.35122.118
MinimumVisualStudioVersion = 10.0.40219.1
Project("{FAE04EC0-301F-11D3-BF4B-00C04F79EFBC}") = "Process Engineering", "Process Engineering\Process Engineering.csproj", "{AF94C719-6CF0-45DE-B002-1EB2776008CD}"
EndProject
Global
	GlobalSection(SolutionConfigurationPlatforms) = preSolution
		Debug|Any CPU = Debug|Any CPU
		Debug|x64 = Debug|x64
		Debug|x86 = Debug|x86
		Release|Any CPU = Release|Any CPU
		Release|x64 = Release|x64
		Release|x86 = Release|x86
	EndGlobalSection
	GlobalSection(ProjectConfigurationPlatforms) = postSolution
		{AF94C719-6CF0-45DE-B002-1EB2776008CD}.Debug|Any CPU.ActiveCfg = Debug|Any CPU
		{AF94C719-6CF0-45DE-B002-1EB2776008CD}.Debug|Any CPU.Build.0 = Debug|Any CPU
		{AF94C719-6CF0-45DE-B002-1EB2776008CD}.Debug|x64.ActiveCfg = Debug|x64
		{AF94C719-6CF0-45DE-B002-1EB2776008CD}.Debug|x64.Build.0 = Debug|x64
		{AF94C719-6CF0-45DE-B002-1EB2776008CD}.Debug|x86.ActiveCfg = Debug|x86
		{AF94C719-6CF0-45DE-B002-1EB2776008CD}.Debug|x86.Build.0 = Debug|x86
		{AF94C719-6CF0-45DE-B002-1EB2776008CD}.Release|Any CPU.ActiveCfg = Release|Any CPU
		{AF94C719-6CF0-45DE-B002-1EB2776008CD}.Release|Any CPU.Build.0 = Release|Any CPU
		{AF94C719-6CF0-45DE-B002-1EB2776008CD}.Release|x64.ActiveCfg = Release|x64
		{AF94C719-6CF0-45DE-B002-1EB2776008CD}.Release|x64.Build.0 = Release|x64
		{AF94C719-6CF0-45DE-B002-1EB2776008CD}.Release|x86.ActiveCfg = Release|x86
		{AF94C719-6CF0-45DE-B002-1EB2776008CD}.Release|x86.Build.0 = Release|x86
	EndGlobalSection
	GlobalSection(SolutionProperties) = preSolution
		HideSolutionNode = FALSE
	EndGlobalSection
	GlobalSection(ExtensibilityGlobals) = postSolution
		SolutionGuid = {27CE045A-C7A9-4270-A7DA-3350CC710E5C}
	EndGlobalSection
EndGlobal
